# THIS IS AN AUTOGENERATED FILE. DO NOT EDIT THIS FILE DIRECTLY.
# yarn lockfile v1


"@babel/runtime@^7.25.0":
  version "7.28.4"
  resolved "https://registry.yarnpkg.com/@babel/runtime/-/runtime-7.28.4.tgz#a70226016fabe25c5783b2f22d3e1c9bc5ca3326"
  integrity sha512-Q/N6JNWvIvPnLDvjlE1OUBLPQHH6l3CltCEsHIujp45zQUSSh8K+gHnaEX45yAT1nyngnINhvWtzN+Nb9D8RAQ==

"@metaplex-foundation/mpl-core@^1.7.0":
  version "1.7.0"
  resolved "https://registry.yarnpkg.com/@metaplex-foundation/mpl-core/-/mpl-core-1.7.0.tgz#bbdc18d2c5537381ed202e68407eb8e69085fecf"
  integrity sha512-lK80ppQ5/6ziD7vibpevKUnB9V3WzOoIo+pFo1SDviwaH5OlZzoGO1cYoP+9cX/B9V8db7ZlmCyxeNrnWiWP6w==
  dependencies:
    "@msgpack/msgpack" "^3.0.0-beta2"

"@metaplex-foundation/mpl-inscription@^0.8.1":
  version "0.8.1"
  resolved "https://registry.yarnpkg.com/@metaplex-foundation/mpl-inscription/-/mpl-inscription-0.8.1.tgz#9b2a4f6be47e76d58660600870e60898216327f9"
  integrity sha512-nOZu6hBqDnfL8ZWuUwzZvVbouYTt3du2DM0phooN/pGDA41U98Bj7oThC2EVrKwXZbqcT3moE/2zDJ/Wz4S3LA==
  dependencies:
    "@metaplex-foundation/mpl-token-metadata" "^3.1.2"
    "@metaplex-foundation/mpl-toolbox" "^0.8.0"

"@metaplex-foundation/mpl-token-metadata@^3.1.2":
  version "3.4.0"
  resolved "https://registry.yarnpkg.com/@metaplex-foundation/mpl-token-metadata/-/mpl-token-metadata-3.4.0.tgz#03a2ab3b90ac30973407565e07cc570c8897385d"
  integrity sha512-AxBAYCK73JWxY3g9//z/C9krkR0t1orXZDknUPS4+GjwGH2vgPfsk04yfZ31Htka2AdS9YE/3wH7sMUBHKn9Rg==
  dependencies:
    "@metaplex-foundation/mpl-toolbox" "^0.10.0"

"@metaplex-foundation/mpl-toolbox@^0.10.0":
  version "0.10.0"
  resolved "https://registry.yarnpkg.com/@metaplex-foundation/mpl-toolbox/-/mpl-toolbox-0.10.0.tgz#c7d2f27259e69ab86cc4b7dd55b7bfef11bbed13"
  integrity sha512-84KD1L5cFyw5xnntHwL4uPwfcrkKSiwuDeypiVr92qCUFuF3ZENa2zlFVPu+pQcjTlod2LmEX3MhBmNjRMpdKg==

"@metaplex-foundation/mpl-toolbox@^0.8.0":
  version "0.8.1"
  resolved "https://registry.yarnpkg.com/@metaplex-foundation/mpl-toolbox/-/mpl-toolbox-0.8.1.tgz#028ba055b434c6489f73043b50fd334d9e5c9161"
  integrity sha512-PYU+qU6hg+h6V42z+MDnBTiWZXTTzWhIn5ieyRZYyszTru/LiJKHdsHGKe1VBfuXEuRdfRhAzivMjquZVaqO4A==

"@metaplex-foundation/umi-bundle-defaults@^1.4.1":
  version "1.4.1"
  resolved "https://registry.yarnpkg.com/@metaplex-foundation/umi-bundle-defaults/-/umi-bundle-defaults-1.4.1.tgz#280b0e55e9501f0b1103778790b23b588559abaf"
  integrity sha512-c0o0bgKgSN4CGggriwImD9FmQbcCku/ztmwDdjNKGCDzbz0oYaoOezpDRRpcP+HGz/s2okVTf02z/ogj+DndPg==
  dependencies:
    "@metaplex-foundation/umi-downloader-http" "^1.4.1"
    "@metaplex-foundation/umi-eddsa-web3js" "^1.4.1"
    "@metaplex-foundation/umi-http-fetch" "^1.4.1"
    "@metaplex-foundation/umi-program-repository" "^1.4.1"
    "@metaplex-foundation/umi-rpc-chunk-get-accounts" "^1.4.1"
    "@metaplex-foundation/umi-rpc-web3js" "^1.4.1"
    "@metaplex-foundation/umi-serializer-data-view" "^1.4.1"
    "@metaplex-foundation/umi-transaction-factory-web3js" "^1.4.1"

"@metaplex-foundation/umi-downloader-http@^1.4.1":
  version "1.4.1"
  resolved "https://registry.yarnpkg.com/@metaplex-foundation/umi-downloader-http/-/umi-downloader-http-1.4.1.tgz#f43812865c60eca69d40b321a0386d4a710155d1"
  integrity sha512-gncYvRtN+s6pJ6gfwjlDD3JQDW+gNBBw0F76P0hJq3i+sTwaCeVQBs161Zes0rCPB6oEJWngqowATl/kIxnXqA==

"@metaplex-foundation/umi-eddsa-web3js@^1.4.1":
  version "1.4.1"
  resolved "https://registry.yarnpkg.com/@metaplex-foundation/umi-eddsa-web3js/-/umi-eddsa-web3js-1.4.1.tgz#20d20bcbcfe17be127de36cf44a7292270d0f45b"
  integrity sha512-SFbme/y43X6t/aiiE2PKkzNE8UOgJyTFb4dnXU23ZMalk+LbGCyZNBMWix+ztjeCrdBQhILfbLLZzHuFikAd0g==
  dependencies:
    "@metaplex-foundation/umi-web3js-adapters" "^1.4.1"
    "@noble/curves" "^1.0.0"
    yaml "^2.7.0"

"@metaplex-foundation/umi-http-fetch@^1.4.1":
  version "1.4.1"
  resolved "https://registry.yarnpkg.com/@metaplex-foundation/umi-http-fetch/-/umi-http-fetch-1.4.1.tgz#9e0f16dfc6714dea25a072c9786096b5bdd39f74"
  integrity sha512-ItvPkRPTXWH6YeBB7WTS3qKCDVrjEhGpb+fCBypzCkdXvS9zRwN+I/I6IcB+GJnEFdTIip8+XSeWMOrW8ZDCkQ==
  dependencies:
    node-fetch "^2.6.7"

"@metaplex-foundation/umi-options@^1.4.1":
  version "1.4.1"
  resolved "https://registry.yarnpkg.com/@metaplex-foundation/umi-options/-/umi-options-1.4.1.tgz#281a9ec0630a142b52a75844e39a184896177d56"
  integrity sha512-+36Sm16a9GFlheAnqIjsi5lV7+9J9/lhYOcwXK9bkRARucA9evT/dajmpXHUkPOi3JjlVbl3knWvcPkbhyP2Og==

"@metaplex-foundation/umi-program-repository@^1.4.1":
  version "1.4.1"
  resolved "https://registry.yarnpkg.com/@metaplex-foundation/umi-program-repository/-/umi-program-repository-1.4.1.tgz#3b8b93709615f357e78e7510dae8dfdc26ac415c"
  integrity sha512-Cy0siWwNC3kUf8UxlYgR8aDmBPizNhER7icEcd4b9itNTZf3XjekE3rEPFO1UFys+bql4UcJ42SepkDtVzsDsw==

"@metaplex-foundation/umi-public-keys@^1.4.1":
  version "1.4.1"
  resolved "https://registry.yarnpkg.com/@metaplex-foundation/umi-public-keys/-/umi-public-keys-1.4.1.tgz#fd690732c15c81e72bd40c028f3eb9f84fbf424f"
  integrity sha512-UB+MVzK8GIMLYS7qgtl7Qr5fUW36EelUk2VA/VyQJZb2rlQYZu08/whc75uwGhPX2Mr67NzVSoSTkTpUb29zrg==
  dependencies:
    "@metaplex-foundation/umi-serializers-encodings" "^1.4.1"

"@metaplex-foundation/umi-rpc-chunk-get-accounts@^1.4.1":
  version "1.4.1"
  resolved "https://registry.yarnpkg.com/@metaplex-foundation/umi-rpc-chunk-get-accounts/-/umi-rpc-chunk-get-accounts-1.4.1.tgz#8f855e95090814c50757a5cd22f96b25f3855ccf"
  integrity sha512-3aHQe/XT9+LZe6f3PHX0RSmUPeDB+3J2l29dQDq80KdGDfL19ELogaP5OutsKB1W3NoXBSwzhuOjtE6gG9aQgA==

"@metaplex-foundation/umi-rpc-web3js@^1.4.1":
  version "1.4.1"
  resolved "https://registry.yarnpkg.com/@metaplex-foundation/umi-rpc-web3js/-/umi-rpc-web3js-1.4.1.tgz#69d76449ced646a6e1e89e214925ffa02b03b700"
  integrity sha512-xR0KVz6n3RZ3qO8axxIhDCBjki9jj7fYgKijO0zJC85YZeuos6A6vuA14LpTaonWlkD892M3Ua0YC7dUOL9CzQ==
  dependencies:
    "@metaplex-foundation/umi-web3js-adapters" "^1.4.1"

"@metaplex-foundation/umi-serializer-data-view@^1.4.1":
  version "1.4.1"
  resolved "https://registry.yarnpkg.com/@metaplex-foundation/umi-serializer-data-view/-/umi-serializer-data-view-1.4.1.tgz#97a41f570b482f24b18cce169d58aa0c2669ac8f"
  integrity sha512-SSJvXkjj0+Rfz7ZbYD8yMmF/5dRQgqzUW/FkH6si/EiYxyTmRmMaeCo85RZAUSjbJgpz8DFwLmLceptFiTwk5A==

"@metaplex-foundation/umi-serializers-core@^1.4.1":
  version "1.4.1"
  resolved "https://registry.yarnpkg.com/@metaplex-foundation/umi-serializers-core/-/umi-serializers-core-1.4.1.tgz#b10a40d93243ffdc0fd02e783bfb78e250ba84f8"
  integrity sha512-xLI2ZEFJYoVdlQQMeKNLBsi56qQ2xC7htWDa30gqw/hhuMy3W82MtgLiK/3tU96MNi86TKSNVOdXmY815/QJsg==

"@metaplex-foundation/umi-serializers-encodings@^1.4.1":
  version "1.4.1"
  resolved "https://registry.yarnpkg.com/@metaplex-foundation/umi-serializers-encodings/-/umi-serializers-encodings-1.4.1.tgz#9537b54658787c2dd481e84f6bcfede996f7014a"
  integrity sha512-KnIp8T3mSMoDI5gmLre6UZMZpBVZ5tpZsAaLLfuiSfRolUsBLo90gmXJWwUWWZihhcvaN0xMdyx+k1KK+nwK9Q==
  dependencies:
    "@metaplex-foundation/umi-serializers-core" "^1.4.1"

"@metaplex-foundation/umi-serializers-numbers@^1.4.1":
  version "1.4.1"
  resolved "https://registry.yarnpkg.com/@metaplex-foundation/umi-serializers-numbers/-/umi-serializers-numbers-1.4.1.tgz#d99ce9ab49934605ca24f7a699a7d0a74ba33a77"
  integrity sha512-vk5f6QTdudXJDyyZAO7IDNiGRkF70nLdx4LBCvstbmTv2535HinV06R1mBRA9dx20D6SxRASdw33BH3mAYPfbQ==
  dependencies:
    "@metaplex-foundation/umi-serializers-core" "^1.4.1"

"@metaplex-foundation/umi-serializers@^1.4.1":
  version "1.4.1"
  resolved "https://registry.yarnpkg.com/@metaplex-foundation/umi-serializers/-/umi-serializers-1.4.1.tgz#c0845694b87e199f253d9f76c04a0c3d4dae3e60"
  integrity sha512-DnuTBS+6Ycjaz1BsOKmUZCJcdyJooIpiJ5gy/snhmh8YKDAZuxezBqRzKSR/pKPXieURbL/UPCdJ6a9OFCjcYQ==
  dependencies:
    "@metaplex-foundation/umi-options" "^1.4.1"
    "@metaplex-foundation/umi-public-keys" "^1.4.1"
    "@metaplex-foundation/umi-serializers-core" "^1.4.1"
    "@metaplex-foundation/umi-serializers-encodings" "^1.4.1"
    "@metaplex-foundation/umi-serializers-numbers" "^1.4.1"

"@metaplex-foundation/umi-transaction-factory-web3js@^1.4.1":
  version "1.4.1"
  resolved "https://registry.yarnpkg.com/@metaplex-foundation/umi-transaction-factory-web3js/-/umi-transaction-factory-web3js-1.4.1.tgz#3774a3575a4741821575403cc4970a824ae5fdd5"
  integrity sha512-ppygQl2W5NZ1s/w6rBldQekTpgdVKaNEwK4bHRf81+mnJTgsH1iXl72M4y1ARNt3472Fv910vZQo9/XYeRbSaQ==
  dependencies:
    "@metaplex-foundation/umi-web3js-adapters" "^1.4.1"

"@metaplex-foundation/umi-web3js-adapters@^1.4.1":
  version "1.4.1"
  resolved "https://registry.yarnpkg.com/@metaplex-foundation/umi-web3js-adapters/-/umi-web3js-adapters-1.4.1.tgz#1c2edae285c94e16fc3eed5da16061b31fc82dbd"
  integrity sha512-9LkueHDVVljRY83HcaRxGh011zMwrFpvlgb2VrkYlhC7afTM7VrDw4oxdR1zwC80bXyf0D1gyKqi+ANO8QQqtw==
  dependencies:
    buffer "^6.0.3"

"@metaplex-foundation/umi@^1.4.1":
  version "1.4.1"
  resolved "https://registry.yarnpkg.com/@metaplex-foundation/umi/-/umi-1.4.1.tgz#0ecaa4c6e0c53722af8ded2a49299a08c7cfcf31"
  integrity sha512-GGdmKsZq8nGInhjk8jpW4h4pNX8eZgTChnosvBmX/4lTznu+nOJuIsgO9r7LuUkR8zaSfjUheC/T5e7AtRku+g==
  dependencies:
    "@metaplex-foundation/umi-options" "^1.4.1"
    "@metaplex-foundation/umi-public-keys" "^1.4.1"
    "@metaplex-foundation/umi-serializers" "^1.4.1"

"@msgpack/msgpack@^3.0.0-beta2":
  version "3.1.2"
  resolved "https://registry.yarnpkg.com/@msgpack/msgpack/-/msgpack-3.1.2.tgz#fdd25cc2202297519798bbaf4689152ad9609e19"
  integrity sha512-JEW4DEtBzfe8HvUYecLU9e6+XJnKDlUAIve8FvPzF3Kzs6Xo/KuZkZJsDH0wJXl/qEZbeeE7edxDNY3kMs39hQ==

"@noble/curves@^1.0.0", "@noble/curves@^1.4.2":
  version "1.9.7"
  resolved "https://registry.yarnpkg.com/@noble/curves/-/curves-1.9.7.tgz#79d04b4758a43e4bca2cbdc62e7771352fa6b951"
  integrity sha512-gbKGcRUYIjA3/zCCNaWDciTMFI0dCkvou3TL8Zmy5Nc7sJ47a0jtOeZoTaMxkuqRo9cRhjOdZJXegxYE5FN/xw==
  dependencies:
    "@noble/hashes" "1.8.0"

"@noble/hashes@1.5.0":
  version "1.5.0"
  resolved "https://registry.yarnpkg.com/@noble/hashes/-/hashes-1.5.0.tgz#abadc5ca20332db2b1b2aa3e496e9af1213570b0"
  integrity sha512-1j6kQFb7QRru7eKN3ZDvRcP13rugwdxZqCjbiAVZfIJwgj2A65UmT4TgARXGlXgnRkORLTDTrO19ZErt7+QXgA==

"@noble/hashes@1.8.0", "@noble/hashes@^1.4.0":
  version "1.8.0"
  resolved "https://registry.yarnpkg.com/@noble/hashes/-/hashes-1.8.0.tgz#cee43d801fcef9644b11b8194857695acd5f815a"
  integrity sha512-jCs9ldd7NwzpgXDIf6P3+NrHh9/sD6CQdxHyjQI+h/6rDNo88ypBxxz45UDuZHz9r3tNz7N/VInSVoVdtXEI4A==

"@solana/buffer-layout@^4.0.1":
  version "4.0.1"
  resolved "https://registry.yarnpkg.com/@solana/buffer-layout/-/buffer-layout-4.0.1.tgz#b996235eaec15b1e0b5092a8ed6028df77fa6c15"
  integrity sha512-E1ImOIAD1tBZFRdjeM4/pzTiTApC0AOBGwyAMS4fwIodCWArzJ3DWdoh8cKxeFM2fElkxBh2Aqts1BPC373rHA==
  dependencies:
    buffer "~6.0.3"

"@solana/codecs-core@2.3.0":
  version "2.3.0"
  resolved "https://registry.yarnpkg.com/@solana/codecs-core/-/codecs-core-2.3.0.tgz#6bf2bb565cb1ae880f8018635c92f751465d8695"
  integrity sha512-oG+VZzN6YhBHIoSKgS5ESM9VIGzhWjEHEGNPSibiDTxFhsFWxNaz8LbMDPjBUE69r9wmdGLkrQ+wVPbnJcZPvw==
  dependencies:
    "@solana/errors" "2.3.0"

"@solana/codecs-numbers@^2.1.0":
  version "2.3.0"
  resolved "https://registry.yarnpkg.com/@solana/codecs-numbers/-/codecs-numbers-2.3.0.tgz#ac7e7f38aaf7fcd22ce2061fbdcd625e73828dc6"
  integrity sha512-jFvvwKJKffvG7Iz9dmN51OGB7JBcy2CJ6Xf3NqD/VP90xak66m/Lg48T01u5IQ/hc15mChVHiBm+HHuOFDUrQg==
  dependencies:
    "@solana/codecs-core" "2.3.0"
    "@solana/errors" "2.3.0"

"@solana/errors@2.3.0":
  version "2.3.0"
  resolved "https://registry.yarnpkg.com/@solana/errors/-/errors-2.3.0.tgz#4ac9380343dbeffb9dffbcb77c28d0e457c5fa31"
  integrity sha512-66RI9MAbwYV0UtP7kGcTBVLxJgUxoZGm8Fbc0ah+lGiAw17Gugco6+9GrJCV83VyF2mDWyYnYM9qdI3yjgpnaQ==
  dependencies:
    chalk "^5.4.1"
    commander "^14.0.0"

"@solana/web3.js@1":
  version "1.98.4"
  resolved "https://registry.yarnpkg.com/@solana/web3.js/-/web3.js-1.98.4.tgz#df51d78be9d865181ec5138b4e699d48e6895bbe"
  integrity sha512-vv9lfnvjUsRiq//+j5pBdXig0IQdtzA0BRZ3bXEP4KaIyF1CcaydWqgyzQgfZMNIsWNWmG+AUHwPy4AHOD6gpw==
  dependencies:
    "@babel/runtime" "^7.25.0"
    "@noble/curves" "^1.4.2"
    "@noble/hashes" "^1.4.0"
    "@solana/buffer-layout" "^4.0.1"
    "@solana/codecs-numbers" "^2.1.0"
    agentkeepalive "^4.5.0"
    bn.js "^5.2.1"
    borsh "^0.7.0"
    bs58 "^4.0.1"
    buffer "6.0.3"
    fast-stable-stringify "^1.0.0"
    jayson "^4.1.1"
    node-fetch "^2.7.0"
    rpc-websockets "^9.0.2"
    superstruct "^2.0.2"

"@swc/helpers@^0.5.11":
  version "0.5.17"
  resolved "https://registry.yarnpkg.com/@swc/helpers/-/helpers-0.5.17.tgz#5a7be95ac0f0bf186e7e6e890e7a6f6cda6ce971"
  integrity sha512-5IKx/Y13RsYd+sauPb2x+U/xZikHjolzfuDgTAl/Tdf3Q8rslRvC19NKDLgAJQ6wsqADk10ntlv08nPFw/gO/A==
  dependencies:
    tslib "^2.8.0"

"@types/connect@^3.4.33":
  version "3.4.38"
  resolved "https://registry.yarnpkg.com/@types/connect/-/connect-3.4.38.tgz#5ba7f3bc4fbbdeaff8dded952e5ff2cc53f8d858"
  integrity sha512-K6uROf1LD88uDQqJCktA4yzL1YYAK6NgfsI0v/mTgyPKWsX1CnJ0XPSDhViejru1GcRkLWb8RlzFYJRqGUbaug==
  dependencies:
    "@types/node" "*"

"@types/node@*", "@types/node@^24.10.0":
  version "24.10.0"
  resolved "https://registry.yarnpkg.com/@types/node/-/node-24.10.0.tgz#6b79086b0dfc54e775a34ba8114dcc4e0221f31f"
  integrity sha512-qzQZRBqkFsYyaSWXuEHc2WR9c0a0CXwiE5FWUvn7ZM+vdy1uZLfCunD38UzhuB7YN/J11ndbDBcTmOdxJo9Q7A==
  dependencies:
    undici-types "~7.16.0"

"@types/node@^12.12.54":
  version "12.20.55"
  resolved "https://registry.yarnpkg.com/@types/node/-/node-12.20.55.tgz#c329cbd434c42164f846b909bd6f85b5537f6240"
  integrity sha512-J8xLz7q2OFulZ2cyGTLE1TbbZcjpno7FaN6zdJNrgAdrJ+DZzh/uFR6YrTb4C+nXakvud8Q4+rbhoIWlYQbUFQ==

"@types/uuid@^8.3.4":
  version "8.3.4"
  resolved "https://registry.yarnpkg.com/@types/uuid/-/uuid-8.3.4.tgz#bd86a43617df0594787d38b735f55c805becf1bc"
  integrity sha512-c/I8ZRb51j+pYGAu5CrFMRxqZ2ke4y2grEBO5AUjgSkSk+qT2Ea+OdWElz/OiMf5MNpn2b17kuVBwZLQJXzihw==

"@types/ws@^7.4.4":
  version "7.4.7"
  resolved "https://registry.yarnpkg.com/@types/ws/-/ws-7.4.7.tgz#f7c390a36f7a0679aa69de2d501319f4f8d9b702"
  integrity sha512-JQbbmxZTZehdc2iszGKs5oC3NFnjeay7mtAWrdt7qNtAVK0g19muApzAy4bm9byz79xa2ZnO/BOBC2R8RC5Lww==
  dependencies:
    "@types/node" "*"

"@types/ws@^8.2.2":
  version "8.18.1"
  resolved "https://registry.yarnpkg.com/@types/ws/-/ws-8.18.1.tgz#48464e4bf2ddfd17db13d845467f6070ffea4aa9"
  integrity sha512-ThVF6DCVhA8kUGy+aazFQ4kXQ7E1Ty7A3ypFOe0IcJV8O/M511G99AW24irKrW56Wt44yG9+ij8FaqoBGkuBXg==
  dependencies:
    "@types/node" "*"

agentkeepalive@^4.5.0:
  version "4.6.0"
  resolved "https://registry.yarnpkg.com/agentkeepalive/-/agentkeepalive-4.6.0.tgz#35f73e94b3f40bf65f105219c623ad19c136ea6a"
  integrity sha512-kja8j7PjmncONqaTsB8fQ+wE2mSU2DJ9D4XKoJ5PFWIdRMa6SLSN1ff4mOr4jCbfRSsxR4keIiySJU0N9T5hIQ==
  dependencies:
    humanize-ms "^1.2.1"

base-x@^3.0.2:
  version "3.0.11"
  resolved "https://registry.yarnpkg.com/base-x/-/base-x-3.0.11.tgz#40d80e2a1aeacba29792ccc6c5354806421287ff"
  integrity sha512-xz7wQ8xDhdyP7tQxwdteLYeFfS68tSMNCZ/Y37WJ4bhGfKPpqEIlmIyueQHqOyoPhE6xNUqjzRr8ra0eF9VRvA==
  dependencies:
    safe-buffer "^5.0.1"

base64-js@^1.3.1:
  version "1.5.1"
  resolved "https://registry.yarnpkg.com/base64-js/-/base64-js-1.5.1.tgz#1b1b440160a5bf7ad40b650f095963481903930a"
  integrity sha512-AKpaYlHn8t4SVbOHCy+b5+KKgvR4vrsD8vbvrbiQJps7fKDTkjkDry6ji0rUJjC0kzbNePLwzxq8iypo41qeWA==

bn.js@^5.2.0, bn.js@^5.2.1:
  version "5.2.2"
  resolved "https://registry.yarnpkg.com/bn.js/-/bn.js-5.2.2.tgz#82c09f9ebbb17107cd72cb7fd39bd1f9d0aaa566"
  integrity sha512-v2YAxEmKaBLahNwE1mjp4WON6huMNeuDvagFZW+ASCuA/ku0bXR9hSMw0XpiqMoA3+rmnyck/tPRSFQkoC9Cuw==

borsh@^0.7.0:
  version "0.7.0"
  resolved "https://registry.yarnpkg.com/borsh/-/borsh-0.7.0.tgz#6e9560d719d86d90dc589bca60ffc8a6c51fec2a"
  integrity sha512-CLCsZGIBCFnPtkNnieW/a8wmreDmfUtjU2m9yHrzPXIlNbqVs0AQrSatSG6vdNYUqdc83tkQi2eHfF98ubzQLA==
  dependencies:
    bn.js "^5.2.0"
    bs58 "^4.0.0"
    text-encoding-utf-8 "^1.0.2"

bs58@^4.0.0, bs58@^4.0.1:
  version "4.0.1"
  resolved "https://registry.yarnpkg.com/bs58/-/bs58-4.0.1.tgz#be161e76c354f6f788ae4071f63f34e8c4f0a42a"
  integrity sha512-Ok3Wdf5vOIlBrgCvTq96gBkJw+JUEzdBgyaza5HLtPm7yTHkjRy8+JzNyHF7BHa0bNWOQIp3m5YF0nnFcOIKLw==
  dependencies:
    base-x "^3.0.2"

buffer@6.0.3, buffer@^6.0.3, buffer@~6.0.3:
  version "6.0.3"
  resolved "https://registry.yarnpkg.com/buffer/-/buffer-6.0.3.tgz#2ace578459cc8fbe2a70aaa8f52ee63b6a74c6c6"
  integrity sha512-FTiCpNxtwiZZHEZbcbTIcZjERVICn9yq/pDFkTl95/AxzD1naBctN7YO68riM/gLSDY7sdrMby8hofADYuuqOA==
  dependencies:
    base64-js "^1.3.1"
    ieee754 "^1.2.1"

bufferutil@^4.0.1:
  version "4.0.9"
  resolved "https://registry.yarnpkg.com/bufferutil/-/bufferutil-4.0.9.tgz#6e81739ad48a95cad45a279588e13e95e24a800a"
  integrity sha512-WDtdLmJvAuNNPzByAYpRo2rF1Mmradw6gvWsQKf63476DDXmomT9zUiGypLcG4ibIM67vhAj8jJRdbmEws2Aqw==
  dependencies:
    node-gyp-build "^4.3.0"

chalk@^5.4.1:
  version "5.6.2"
  resolved "https://registry.yarnpkg.com/chalk/-/chalk-5.6.2.tgz#b1238b6e23ea337af71c7f8a295db5af0c158aea"
  integrity sha512-7NzBL0rN6fMUW+f7A6Io4h40qQlG+xGmtMxfbnH/K7TAtt8JQWVQK+6g0UXKMeVJoyV5EkkNsErQ8pVD3bLHbA==

commander@^14.0.0:
  version "14.0.2"
  resolved "https://registry.yarnpkg.com/commander/-/commander-14.0.2.tgz#b71fd37fe4069e4c3c7c13925252ada4eba14e8e"
  integrity sha512-TywoWNNRbhoD0BXs1P3ZEScW8W5iKrnbithIl0YH+uCmBd0QpPOA8yc82DS3BIE5Ma6FnBVUsJ7wVUDz4dvOWQ==

commander@^2.20.3:
  version "2.20.3"
  resolved "https://registry.yarnpkg.com/commander/-/commander-2.20.3.tgz#fd485e84c03eb4881c20722ba48035e8531aeb33"
  integrity sha512-GpVkmM8vF2vQUkj2LvZmD35JxeJOLCwJ9cUkugyk2nuhbv3+mJvpLYYt+0+USMxE+oj+ey/lJEnhZw75x/OMcQ==

delay@^5.0.0:
  version "5.0.0"
  resolved "https://registry.yarnpkg.com/delay/-/delay-5.0.0.tgz#137045ef1b96e5071060dd5be60bf9334436bd1d"
  integrity sha512-ReEBKkIfe4ya47wlPYf/gu5ib6yUG0/Aez0JQZQz94kiWtRQvZIQbTiehsnwHvLSWJnQdhVeqYue7Id1dKr0qw==

es6-promise@^4.0.3:
  version "4.2.8"
  resolved "https://registry.yarnpkg.com/es6-promise/-/es6-promise-4.2.8.tgz#4eb21594c972bc40553d276e510539143db53e0a"
  integrity sha512-HJDGx5daxeIvxdBxvG2cb9g4tEvwIk3i8+nhX0yGrYmZUzbkdg8QbDevheDB8gd0//uPj4c1EQua8Q+MViT0/w==

es6-promisify@^5.0.0:
  version "5.0.0"
  resolved "https://registry.yarnpkg.com/es6-promisify/-/es6-promisify-5.0.0.tgz#5109d62f3e56ea967c4b63505aef08291c8a5203"
  integrity sha512-C+d6UdsYDk0lMebHNR4S2NybQMMngAOnOwYBQjTOiv0MkoJMP0Myw2mgpDLBcpfCmRLxyFqYhS/CfOENq4SJhQ==
  dependencies:
    es6-promise "^4.0.3"

eventemitter3@^5.0.1:
  version "5.0.1"
  resolved "https://registry.yarnpkg.com/eventemitter3/-/eventemitter3-5.0.1.tgz#53f5ffd0a492ac800721bb42c66b841de96423c4"
  integrity sha512-GWkBvjiSZK87ELrYOSESUYeVIc9mvLLf/nXalMOS5dYrgZq9o5OVkbZAVM06CVxYsCwH9BDZFPlQTlPA1j4ahA==

eyes@^0.1.8:
  version "0.1.8"
  resolved "https://registry.yarnpkg.com/eyes/-/eyes-0.1.8.tgz#62cf120234c683785d902348a800ef3e0cc20bc0"
  integrity sha512-GipyPsXO1anza0AOZdy69Im7hGFCNB7Y/NGjDlZGJ3GJJLtwNSb2vrzYrTYJRrRloVx7pl+bhUaTB8yiccPvFQ==

fast-stable-stringify@^1.0.0:
  version "1.0.0"
  resolved "https://registry.yarnpkg.com/fast-stable-stringify/-/fast-stable-stringify-1.0.0.tgz#5c5543462b22aeeefd36d05b34e51c78cb86d313"
  integrity sha512-wpYMUmFu5f00Sm0cj2pfivpmawLZ0NKdviQ4w9zJeR8JVtOpOxHmLaJuj0vxvGqMJQWyP/COUkF75/57OKyRag==

humanize-ms@^1.2.1:
  version "1.2.1"
  resolved "https://registry.yarnpkg.com/humanize-ms/-/humanize-ms-1.2.1.tgz#c46e3159a293f6b896da29316d8b6fe8bb79bbed"
  integrity sha512-Fl70vYtsAFb/C06PTS9dZBo7ihau+Tu/DNCk/OyHhea07S+aeMWpFFkUaXRa8fI+ScZbEI8dfSxwY7gxZ9SAVQ==
  dependencies:
    ms "^2.0.0"

ieee754@^1.2.1:
  version "1.2.1"
  resolved "https://registry.yarnpkg.com/ieee754/-/ieee754-1.2.1.tgz#8eb7a10a63fff25d15a57b001586d177d1b0d352"
  integrity sha512-dcyqhDvX1C46lXZcVqCpK+FtMRQVdIMN6/Df5js2zouUsqG7I6sFxitIC+7KYK29KdXOLHdu9zL4sFnoVQnqaA==

isomorphic-ws@^4.0.1:
  version "4.0.1"
  resolved "https://registry.yarnpkg.com/isomorphic-ws/-/isomorphic-ws-4.0.1.tgz#55fd4cd6c5e6491e76dc125938dd863f5cd4f2dc"
  integrity sha512-BhBvN2MBpWTaSHdWRb/bwdZJ1WaehQ2L1KngkCkfLUGF0mAWAT1sQUQacEmQ0jXkFw/czDXPNQSL5u2/Krsz1w==

jayson@^4.1.1:
  version "4.2.0"
  resolved "https://registry.yarnpkg.com/jayson/-/jayson-4.2.0.tgz#b71762393fa40bc9637eaf734ca6f40d3b8c0c93"
  integrity sha512-VfJ9t1YLwacIubLhONk0KFeosUBwstRWQ0IRT1KDjEjnVnSOVHC3uwugyV7L0c7R9lpVyrUGT2XWiBA1UTtpyg==
  dependencies:
    "@types/connect" "^3.4.33"
    "@types/node" "^12.12.54"
    "@types/ws" "^7.4.4"
    commander "^2.20.3"
    delay "^5.0.0"
    es6-promisify "^5.0.0"
    eyes "^0.1.8"
    isomorphic-ws "^4.0.1"
    json-stringify-safe "^5.0.1"
    stream-json "^1.9.1"
    uuid "^8.3.2"
    ws "^7.5.10"

json-stringify-safe@^5.0.1:
  version "5.0.1"
  resolved "https://registry.yarnpkg.com/json-stringify-safe/-/json-stringify-safe-5.0.1.tgz#1296a2d58fd45f19a0f6ce01d65701e2c735b6eb"
  integrity sha512-ZClg6AaYvamvYEE82d3Iyd3vSSIjQ+odgjaTzRuO3s7toCdFKczob2i0zCh7JE8kWn17yvAWhUVxvqGwUalsRA==

ms@^2.0.0:
  version "2.1.3"
  resolved "https://registry.yarnpkg.com/ms/-/ms-2.1.3.tgz#574c8138ce1d2b5861f0b44579dbadd60c6615b2"
  integrity sha512-6FlzubTLZG3J2a/NVCAleEhjzq5oxgHyaCU9yYXvcLsvoVaHJq/s5xXI6/XXP6tz7R9xAOtHnSO/tXtF3WRTlA==

node-fetch@^2.6.7, node-fetch@^2.7.0:
  version "2.7.0"
  resolved "https://registry.yarnpkg.com/node-fetch/-/node-fetch-2.7.0.tgz#d0f0fa6e3e2dc1d27efcd8ad99d550bda94d187d"
  integrity sha512-c4FRfUm/dbcWZ7U+1Wq0AwCyFL+3nt2bEw05wfxSz+DWpWsitgmSgYmy2dQdWyKC1694ELPqMs/YzUSNozLt8A==
  dependencies:
    whatwg-url "^5.0.0"

node-gyp-build@^4.3.0:
  version "4.8.4"
  resolved "https://registry.yarnpkg.com/node-gyp-build/-/node-gyp-build-4.8.4.tgz#8a70ee85464ae52327772a90d66c6077a900cfc8"
  integrity sha512-LA4ZjwlnUblHVgq0oBF3Jl/6h/Nvs5fzBLwdEF4nuxnFdsfajde4WfxtJr3CaiH+F6ewcIB/q4jQ4UzPyid+CQ==

rpc-websockets@^9.0.2:
  version "9.3.1"
  resolved "https://registry.yarnpkg.com/rpc-websockets/-/rpc-websockets-9.3.1.tgz#d817a59d812f68bae1215740a3f78fcdd3813698"
  integrity sha512-bY6a+i/lEtBJ/mUxwsCTgevoV1P0foXTVA7UoThzaIWbM+3NDqorf8NBWs5DmqKTFeA1IoNzgvkWjFCPgnzUiQ==
  dependencies:
    "@swc/helpers" "^0.5.11"
    "@types/uuid" "^8.3.4"
    "@types/ws" "^8.2.2"
    buffer "^6.0.3"
    eventemitter3 "^5.0.1"
    uuid "^8.3.2"
    ws "^8.5.0"
  optionalDependencies:
    bufferutil "^4.0.1"
    utf-8-validate "^5.0.2"

safe-buffer@^5.0.1:
  version "5.2.1"
  resolved "https://registry.yarnpkg.com/safe-buffer/-/safe-buffer-5.2.1.tgz#1eaf9fa9bdb1fdd4ec75f58f9cdb4e6b7827eec6"
  integrity sha512-rp3So07KcdmmKbGvgaNxQSJr7bGVSVk5S9Eq1F+ppbRo70+YeaDxkw5Dd8NPN+GD6bjnYm2VuPuCXmpuYvmCXQ==

stream-chain@^2.2.5:
  version "2.2.5"
  resolved "https://registry.yarnpkg.com/stream-chain/-/stream-chain-2.2.5.tgz#b30967e8f14ee033c5b9a19bbe8a2cba90ba0d09"
  integrity sha512-1TJmBx6aSWqZ4tx7aTpBDXK0/e2hhcNSTV8+CbFJtDjbb+I1mZ8lHit0Grw9GRT+6JbIrrDd8esncgBi8aBXGA==

stream-json@^1.9.1:
  version "1.9.1"
  resolved "https://registry.yarnpkg.com/stream-json/-/stream-json-1.9.1.tgz#e3fec03e984a503718946c170db7d74556c2a187"
  integrity sha512-uWkjJ+2Nt/LO9Z/JyKZbMusL8Dkh97uUBTv3AJQ74y07lVahLY4eEFsPsE97pxYBwr8nnjMAIch5eqI0gPShyw==
  dependencies:
    stream-chain "^2.2.5"

superstruct@^2.0.2:
  version "2.0.2"
  resolved "https://registry.yarnpkg.com/superstruct/-/superstruct-2.0.2.tgz#3f6d32fbdc11c357deff127d591a39b996300c54"
  integrity sha512-uV+TFRZdXsqXTL2pRvujROjdZQ4RAlBUS5BTh9IGm+jTqQntYThciG/qu57Gs69yjnVUSqdxF9YLmSnpupBW9A==

text-encoding-utf-8@^1.0.2:
  version "1.0.2"
  resolved "https://registry.yarnpkg.com/text-encoding-utf-8/-/text-encoding-utf-8-1.0.2.tgz#585b62197b0ae437e3c7b5d0af27ac1021e10d13"
  integrity sha512-8bw4MY9WjdsD2aMtO0OzOCY3pXGYNx2d2FfHRVUKkiCPDWjKuOlhLVASS+pD7VkLTVjW268LYJHwsnPFlBpbAg==

tr46@~0.0.3:
  version "0.0.3"
  resolved "https://registry.yarnpkg.com/tr46/-/tr46-0.0.3.tgz#8184fd347dac9cdc185992f3a6622e14b9d9ab6a"
  integrity sha512-N3WMsuqV66lT30CrXNbEjx4GEwlow3v6rr4mCcv6prnfwhS01rkgyFdjPNBYd9br7LpXV1+Emh01fHnq2Gdgrw==

tslib@^2.8.0:
  version "2.8.1"
  resolved "https://registry.yarnpkg.com/tslib/-/tslib-2.8.1.tgz#612efe4ed235d567e8aba5f2a5fab70280ade83f"
  integrity sha512-oJFu94HQb+KVduSUQL7wnpmqnfmLsOA/nAh6b6EH0wCEoK0/mPeXU6c3wKDV83MkOuHPRHtSXKKU99IBazS/2w==

typescript@^5.3.3:
  version "5.9.3"
  resolved "https://registry.yarnpkg.com/typescript/-/typescript-5.9.3.tgz#5b4f59e15310ab17a216f5d6cf53ee476ede670f"
  integrity sha512-jl1vZzPDinLr9eUt3J/t7V6FgNEw9QjvBPdysz9KfQDD41fQrC2Y4vKQdiaUpFT4bXlb1RHhLpp8wtm6M5TgSw==

undici-types@~7.16.0:
  version "7.16.0"
  resolved "https://registry.yarnpkg.com/undici-types/-/undici-types-7.16.0.tgz#ffccdff36aea4884cbfce9a750a0580224f58a46"
  integrity sha512-Zz+aZWSj8LE6zoxD+xrjh4VfkIG8Ya6LvYkZqtUQGJPZjYl53ypCaUwWqo7eI0x66KBGeRo+mlBEkMSeSZ38Nw==

utf-8-validate@^5.0.2:
  version "5.0.10"
  resolved "https://registry.yarnpkg.com/utf-8-validate/-/utf-8-validate-5.0.10.tgz#d7d10ea39318171ca982718b6b96a8d2442571a2"
  integrity sha512-Z6czzLq4u8fPOyx7TU6X3dvUZVvoJmxSQ+IcrlmagKhilxlhZgxPK6C5Jqbkw1IDUmFTM+cz9QDnnLTwDz/2gQ==
  dependencies:
    node-gyp-build "^4.3.0"

uuid@^8.3.2:
  version "8.3.2"
  resolved "https://registry.yarnpkg.com/uuid/-/uuid-8.3.2.tgz#80d5b5ced271bb9af6c445f21a1a04c606cefbe2"
  integrity sha512-+NYs2QeMWy+GWFOEm9xnn6HCDp0l7QBD7ml8zLUmJ+93Q5NF0NocErnwkTkXVFNiX3/fpC6afS8Dhb/gz7R7eg==

webidl-conversions@^3.0.0:
  version "3.0.1"
  resolved "https://registry.yarnpkg.com/webidl-conversions/-/webidl-conversions-3.0.1.tgz#24534275e2a7bc6be7bc86611cc16ae0a5654871"
  integrity sha512-2JAn3z8AR6rjK8Sm8orRC0h/bcl/DqL7tRPdGZ4I1CjdF+EaMLmYxBHyXuKL849eucPFhvBoxMsflfOb8kxaeQ==

whatwg-url@^5.0.0:
  version "5.0.0"
  resolved "https://registry.yarnpkg.com/whatwg-url/-/whatwg-url-5.0.0.tgz#966454e8765462e37644d3626f6742ce8b70965d"
  integrity sha512-saE57nupxk6v3HY35+jzBwYa0rKSy0XR8JSxZPwgLr7ys0IBzhGviA1/TUGJLmSVqs8pb9AnvICXEuOHLprYTw==
  dependencies:
    tr46 "~0.0.3"
    webidl-conversions "^3.0.0"

ws@^7.5.10:
  version "7.5.10"
  resolved "https://registry.yarnpkg.com/ws/-/ws-7.5.10.tgz#58b5c20dc281633f6c19113f39b349bd8bd558d9"
  integrity sha512-+dbF1tHwZpXcbOJdVOkzLDxZP1ailvSxM6ZweXTegylPny803bFhA+vqBYw4s31NSAk4S2Qz+AKXK9a4wkdjcQ==

ws@^8.5.0:
  version "8.18.3"
  resolved "https://registry.yarnpkg.com/ws/-/ws-8.18.3.tgz#b56b88abffde62791c639170400c93dcb0c95472"
  integrity sha512-PEIGCY5tSlUt50cqyMXfCzX+oOPqN0vuGqWzbcJ2xvnkzkq46oOpz7dQaTDBdfICb4N14+GARUDw2XV2N4tvzg==

yaml@^2.7.0:
  version "2.8.1"
  resolved "https://registry.yarnpkg.com/yaml/-/yaml-2.8.1.tgz#1870aa02b631f7e8328b93f8bc574fac5d6c4d79"
  integrity sha512-lcYcMxX2PO9XMGvAJkJ3OsNMw+/7FKes7/hgerGUYWIoWu5j/+YQqcZr5JnPZWzOsEBgMbSbiSTn/dv/69Mkpw==
